
Microsoft Visual Studio Solution File, Format Version 12.00
# Visual Studio Version 17
VisualStudioVersion = 17.0.31919.166
MinimumVisualStudioVersion = 10.0.40219.1
Project("{FAE04EC0-301F-11D3-BF4B-00C04F79EFBC}") = "Dsa", "DSA\Dsa.csproj", "{98763B66-3D95-4B26-BC32-044C04627CA5}"
EndProject
Project("{FAE04EC0-301F-11D3-BF4B-00C04F79EFBC}") = "DSA_TESTS", "DSA_TESTS\DSA_TESTS.csproj", "{6E065DE2-F8EA-4D10-AF27-36D043215268}"
EndProject
Project("{2150E333-8FDC-42A3-9474-1A3956D46DE8}") = "TestSettings", "TestSettings", "{B94AD6FE-4E9E-4CA7-909A-53646CFDFDD5}"
	ProjectSection(SolutionItems) = preProject
		US-SIT2.runsettings = US-SIT2.runsettings
		US-SIT4.runsettings = US-SIT4.runsettings
	EndProjectSection
EndProject
Global
	GlobalSection(SolutionConfigurationPlatforms) = preSolution
		Debug|Any CPU = Debug|Any CPU
		Release|Any CPU = Release|Any CPU
	EndGlobalSection
	GlobalSection(ProjectConfigurationPlatforms) = postSolution
		{98763B66-3D95-4B26-BC32-044C04627CA5}.Debug|Any CPU.ActiveCfg = Debug|Any CPU
		{98763B66-3D95-4B26-BC32-044C04627CA5}.Debug|Any CPU.Build.0 = Debug|Any CPU
		{98763B66-3D95-4B26-BC32-044C04627CA5}.Release|Any CPU.ActiveCfg = Release|Any CPU
		{98763B66-3D95-4B26-BC32-044C04627CA5}.Release|Any CPU.Build.0 = Release|Any CPU
		{6E065DE2-F8EA-4D10-AF27-36D043215268}.Debug|Any CPU.ActiveCfg = Debug|Any CPU
		{6E065DE2-F8EA-4D10-AF27-36D043215268}.Debug|Any CPU.Build.0 = Debug|Any CPU
		{6E065DE2-F8EA-4D10-AF27-36D043215268}.Release|Any CPU.ActiveCfg = Release|Any CPU
		{6E065DE2-F8EA-4D10-AF27-36D043215268}.Release|Any CPU.Build.0 = Release|Any CPU
	EndGlobalSection
	GlobalSection(SolutionProperties) = preSolution
		HideSolutionNode = FALSE
	EndGlobalSection
	GlobalSection(ExtensibilityGlobals) = postSolution
		SolutionGuid = {F3132E40-8894-43EC-88A0-49384874091B}
	EndGlobalSection
EndGlobal
